
Microsoft Visual Studio Solution File, Format Version 12.00
# Visual Studio 15
VisualStudioVersion = 15.0.28307.1259
MinimumVisualStudioVersion = 10.0.40219.1
Project("{9A19103F-16F7-4668-BE54-9A1E7A4F7556}") = "MTCG", "MTCG\MTCG.csproj", "{D315C29A-34F6-43AA-B87B-98EBBFDC64DB}"
EndProject
Project("{9A19103F-16F7-4668-BE54-9A1E7A4F7556}") = "FightTestProject", "NUnitTestProject1\FightTestProject.csproj", "{3C86ACD0-4433-4BB8-A29F-E4AC79A60179}"
Project("{9A19103F-16F7-4668-BE54-9A1E7A4F7556}") = "Client", "Client\Client.csproj", "{CF841001-90A6-490C-AC60-3B7DA9F71927}"
EndProject
Project("{9A19103F-16F7-4668-BE54-9A1E7A4F7556}") = "ServerClientTest", "ServerClientTest\ServerClientTest.csproj", "{235CBF47-1B2C-4FEF-A926-1F2825761676}"
EndProject
Global
	GlobalSection(SolutionConfigurationPlatforms) = preSolution
		Debug|Any CPU = Debug|Any CPU
		Release|Any CPU = Release|Any CPU
	EndGlobalSection
	GlobalSection(ProjectConfigurationPlatforms) = postSolution
		{D315C29A-34F6-43AA-B87B-98EBBFDC64DB}.Debug|Any CPU.ActiveCfg = Debug|Any CPU
		{D315C29A-34F6-43AA-B87B-98EBBFDC64DB}.Debug|Any CPU.Build.0 = Debug|Any CPU
		{D315C29A-34F6-43AA-B87B-98EBBFDC64DB}.Release|Any CPU.ActiveCfg = Release|Any CPU
		{D315C29A-34F6-43AA-B87B-98EBBFDC64DB}.Release|Any CPU.Build.0 = Release|Any CPU
		{CF841001-90A6-490C-AC60-3B7DA9F71927}.Debug|Any CPU.ActiveCfg = Debug|Any CPU
		{CF841001-90A6-490C-AC60-3B7DA9F71927}.Debug|Any CPU.Build.0 = Debug|Any CPU
		{CF841001-90A6-490C-AC60-3B7DA9F71927}.Release|Any CPU.ActiveCfg = Release|Any CPU
		{CF841001-90A6-490C-AC60-3B7DA9F71927}.Release|Any CPU.Build.0 = Release|Any CPU
		{235CBF47-1B2C-4FEF-A926-1F2825761676}.Debug|Any CPU.ActiveCfg = Debug|Any CPU
		{235CBF47-1B2C-4FEF-A926-1F2825761676}.Debug|Any CPU.Build.0 = Debug|Any CPU
		{235CBF47-1B2C-4FEF-A926-1F2825761676}.Release|Any CPU.ActiveCfg = Release|Any CPU
		{235CBF47-1B2C-4FEF-A926-1F2825761676}.Release|Any CPU.Build.0 = Release|Any CPU
	EndGlobalSection
	GlobalSection(SolutionProperties) = preSolution
		HideSolutionNode = FALSE
	EndGlobalSection
	GlobalSection(ExtensibilityGlobals) = postSolution
		SolutionGuid = {F2DF5FCD-7D06-4D99-AD09-E595D0CFC2CA}
	EndGlobalSection
EndGlobal
